
Microsoft Visual Studio Solution File, Format Version 12.00
# Visual Studio Version 16
VisualStudioVersion = 16.0.32106.194
MinimumVisualStudioVersion = 10.0.40219.1
Project("{FAE04EC0-301F-11D3-BF4B-00C04F79EFBC}") = "Krzychu", "Krzychu\Krzychu.csproj", "{57AF0CF4-200F-4314-A6CF-FDD8CEAAE691}"
EndProject
Global
	GlobalSection(SolutionConfigurationPlatforms) = preSolution
		Debug|Any CPU = Debug|Any CPU
		Release|Any CPU = Release|Any CPU
	EndGlobalSection
	GlobalSection(ProjectConfigurationPlatforms) = postSolution
		{57AF0CF4-200F-4314-A6CF-FDD8CEAAE691}.Debug|Any CPU.ActiveCfg = Debug|Any CPU
		{57AF0CF4-200F-4314-A6CF-FDD8CEAAE691}.Debug|Any CPU.Build.0 = Debug|Any CPU
		{57AF0CF4-200F-4314-A6CF-FDD8CEAAE691}.Release|Any CPU.ActiveCfg = Release|Any CPU
		{57AF0CF4-200F-4314-A6CF-FDD8CEAAE691}.Release|Any CPU.Build.0 = Release|Any CPU
	EndGlobalSection
	GlobalSection(SolutionProperties) = preSolution
		HideSolutionNode = FALSE
	EndGlobalSection
	GlobalSection(ExtensibilityGlobals) = postSolution
		SolutionGuid = {7D42992F-E35C-4CAE-87DD-C71964DB3D09}
	EndGlobalSection
EndGlobal
